{
  "name": "hexo-theme-keep",
  "version": "3.4.5",
  "lockfileVersion": 3,
  "requires": true,
  "packages": {
    "": {
      "name": "hexo-theme-keep",
      "version": "3.4.5",
      "license": "GPL-3.0",
      "dependencies": {
        "hexo-theme-keep": "file:"
      }
    },
    "node_modules/hexo-theme-keep": {
      "resolved": "",
      "link": true
    }
  }
}
